
Microsoft Visual Studio Solution File, Format Version 11.00
# Visual Studio 2010
Project("{FAE04EC0-301F-11D3-BF4B-00C04F79EFBC}") = "Kronos", "Kronos\Kronos.csproj", "{8824B121-B7B0-4069-A1D8-ED2490B8FE09}"
EndProject
Project("{FAE04EC0-301F-11D3-BF4B-00C04F79EFBC}") = "Kronos.Tests", "Kronos.Tests\Kronos.Tests.csproj", "{5394C712-C5D1-480C-8695-5D16809EE13D}"
EndProject
Global
	GlobalSection(SolutionConfigurationPlatforms) = preSolution
		Debug|Any CPU = Debug|Any CPU
		Release|Any CPU = Release|Any CPU
	EndGlobalSection
	GlobalSection(ProjectConfigurationPlatforms) = postSolution
		{8824B121-B7B0-4069-A1D8-ED2490B8FE09}.Debug|Any CPU.ActiveCfg = Debug|Any CPU
		{8824B121-B7B0-4069-A1D8-ED2490B8FE09}.Debug|Any CPU.Build.0 = Debug|Any CPU
		{8824B121-B7B0-4069-A1D8-ED2490B8FE09}.Release|Any CPU.ActiveCfg = Release|Any CPU
		{8824B121-B7B0-4069-A1D8-ED2490B8FE09}.Release|Any CPU.Build.0 = Release|Any CPU
		{5394C712-C5D1-480C-8695-5D16809EE13D}.Debug|Any CPU.ActiveCfg = Debug|Any CPU
		{5394C712-C5D1-480C-8695-5D16809EE13D}.Debug|Any CPU.Build.0 = Debug|Any CPU
		{5394C712-C5D1-480C-8695-5D16809EE13D}.Release|Any CPU.ActiveCfg = Release|Any CPU
		{5394C712-C5D1-480C-8695-5D16809EE13D}.Release|Any CPU.Build.0 = Release|Any CPU
	EndGlobalSection
	GlobalSection(SolutionProperties) = preSolution
		HideSolutionNode = FALSE
	EndGlobalSection
EndGlobal
